
Microsoft Visual Studio Solution File, Format Version 12.00
# Visual Studio Version 17
VisualStudioVersion = 17.3.32825.248
MinimumVisualStudioVersion = 10.0.40219.1
Project("{FAE04EC0-301F-11D3-BF4B-00C04F79EFBC}") = "BouncingBall", "BouncingBall\BouncingBall.csproj", "{B480414C-9281-48E7-9421-8B918E0B9330}"
EndProject
Global
	GlobalSection(SolutionConfigurationPlatforms) = preSolution
		Debug|Any CPU = Debug|Any CPU
		Release|Any CPU = Release|Any CPU
	EndGlobalSection
	GlobalSection(ProjectConfigurationPlatforms) = postSolution
		{B480414C-9281-48E7-9421-8B918E0B9330}.Debug|Any CPU.ActiveCfg = Debug|Any CPU
		{B480414C-9281-48E7-9421-8B918E0B9330}.Debug|Any CPU.Build.0 = Debug|Any CPU
		{B480414C-9281-48E7-9421-8B918E0B9330}.Release|Any CPU.ActiveCfg = Release|Any CPU
		{B480414C-9281-48E7-9421-8B918E0B9330}.Release|Any CPU.Build.0 = Release|Any CPU
	EndGlobalSection
	GlobalSection(SolutionProperties) = preSolution
		HideSolutionNode = FALSE
	EndGlobalSection
	GlobalSection(ExtensibilityGlobals) = postSolution
		SolutionGuid = {05CBDBE6-078B-4337-9719-E4F95927F6B3}
	EndGlobalSection
EndGlobal
